
Microsoft Visual Studio Solution File, Format Version 12.00
# Visual Studio Version 17
VisualStudioVersion = 17.10.34928.147
MinimumVisualStudioVersion = 10.0.40219.1
Project("{FAE04EC0-301F-11D3-BF4B-00C04F79EFBC}") = "Practice Programs", "Practice Programs\Practice Programs.csproj", "{DD730F5E-7A0F-4B10-B05A-E03CD7D4B53F}"
EndProject
Global
	GlobalSection(SolutionConfigurationPlatforms) = preSolution
		Debug|Any CPU = Debug|Any CPU
		Release|Any CPU = Release|Any CPU
	EndGlobalSection
	GlobalSection(ProjectConfigurationPlatforms) = postSolution
		{DD730F5E-7A0F-4B10-B05A-E03CD7D4B53F}.Debug|Any CPU.ActiveCfg = Debug|Any CPU
		{DD730F5E-7A0F-4B10-B05A-E03CD7D4B53F}.Debug|Any CPU.Build.0 = Debug|Any CPU
		{DD730F5E-7A0F-4B10-B05A-E03CD7D4B53F}.Release|Any CPU.ActiveCfg = Release|Any CPU
		{DD730F5E-7A0F-4B10-B05A-E03CD7D4B53F}.Release|Any CPU.Build.0 = Release|Any CPU
	EndGlobalSection
	GlobalSection(SolutionProperties) = preSolution
		HideSolutionNode = FALSE
	EndGlobalSection
	GlobalSection(ExtensibilityGlobals) = postSolution
		SolutionGuid = {2BDAD49C-2468-4DE4-A335-F941CF72B54D}
	EndGlobalSection
EndGlobal
